// !$*UTF8*$!
{
	archiveVersion = 1;
	classes = {
	};
	objectVersion = 50;
	objects = {

/* Begin PBXBuildFile section */
		BFEB402E20D24B300099F11B /* AppDelegate.m in Sources */ = {isa = PBXBuildFile; fileRef = BFEB402D20D24B300099F11B /* AppDelegate.m */; };
		BFEB403120D24B300099F11B /* ViewController.m in Sources */ = {isa = PBXBuildFile; fileRef = BFEB403020D24B300099F11B /* ViewController.m */; };
		BFEB403420D24B300099F11B /* Main.storyboard in Resources */ = {isa = PBXBuildFile; fileRef = BFEB403220D24B300099F11B /* Main.storyboard */; };
		BFEB403620D24B310099F11B /* Assets.xcassets in Resources */ = {isa = PBXBuildFile; fileRef = BFEB403520D24B310099F11B /* Assets.xcassets */; };
		BFEB403920D24B310099F11B /* LaunchScreen.storyboard in Resources */ = {isa = PBXBuildFile; fileRef = BFEB403720D24B310099F11B /* LaunchScreen.storyboard */; };
		BFEB403C20D24B310099F11B /* main.m in Sources */ = {isa = PBXBuildFile; fileRef = BFEB403B20D24B310099F11B /* main.m */; };
		BFEB404420D24C760099F11B /* KVOView.m in Sources */ = {isa = PBXBuildFile; fileRef = BFEB404320D24C760099F11B /* KVOView.m */; };
		BFEB404720D24F260099F11B /* BlueView.m in Sources */ = {isa = PBXBuildFile; fileRef = BFEB404620D24F260099F11B /* BlueView.m */; };
/* End PBXBuildFile section */

/* Begin PBXFileReference section */
		BFEB402920D24B300099F11B /* KVOTest.app */ = {isa = PBXFileReference; explicitFileType = wrapper.application; includeInIndex = 0; path = KVOTest.app; sourceTree = BUILT_PRODUCTS_DIR; };
		BFEB402C20D24B300099F11B /* AppDelegate.h */ = {isa = PBXFileReference; lastKnownFileType = sourcecode.c.h; path = AppDelegate.h; sourceTree = "<group>"; };
		BFEB402D20D24B300099F11B /* AppDelegate.m */ = {isa = PBXFileReference; lastKnownFileType = sourcecode.c.objc; path = AppDelegate.m; sourceTree = "<group>"; };
		BFEB402F20D24B300099F11B /* ViewController.h */ = {isa = PBXFileReference; lastKnownFileType = sourcecode.c.h; path = ViewController.h; sourceTree = "<group>"; };
		BFEB403020D24B300099F11B /* ViewController.m */ = {isa = PBXFileReference; lastKnownFileType = sourcecode.c.objc; path = ViewController.m; sourceTree = "<group>"; };
		BFEB403320D24B300099F11B /* Base */ = {isa = PBXFileReference; lastKnownFileType = file.storyboard; name = Base; path = Base.lproj/Main.storyboard; sourceTree = "<group>"; };
		BFEB403520D24B310099F11B /* Assets.xcassets */ = {isa = PBXFileReference; lastKnownFileType = folder.assetcatalog; path = Assets.xcassets; sourceTree = "<group>"; };
		BFEB403820D24B310099F11B /* Base */ = {isa = PBXFileReference; lastKnownFileType = file.storyboard; name = Base; path = Base.lproj/LaunchScreen.storyboard; sourceTree = "<group>"; };
		BFEB403A20D24B310099F11B /* Info.plist */ = {isa = PBXFileReference; lastKnownFileType = text.plist.xml; path = Info.plist; sourceTree = "<group>"; };
		BFEB403B20D24B310099F11B /* main.m */ = {isa = PBXFileReference; lastKnownFileType = sourcecode.c.objc; path = main.m; sourceTree = "<group>"; };
		BFEB404220D24C760099F11B /* KVOView.h */ = {isa = PBXFileReference; lastKnownFileType = sourcecode.c.h; path = KVOView.h; sourceTree = "<group>"; };
		BFEB404320D24C760099F11B /* KVOView.m */ = {isa = PBXFileReference; lastKnownFileType = sourcecode.c.objc; path = KVOView.m; sourceTree = "<group>"; };
		BFEB404520D24F260099F11B /* BlueView.h */ = {isa = PBXFileReference; lastKnownFileType = sourcecode.c.h; path = BlueView.h; sourceTree = "<group>"; };
		BFEB404620D24F260099F11B /* BlueView.m */ = {isa = PBXFileReference; lastKnownFileType = sourcecode.c.objc; path = BlueView.m; sourceTree = "<group>"; };
/* End PBXFileReference section */

/* Begin PBXFrameworksBuildPhase section */
		BFEB402620D24B300099F11B /* Frameworks */ = {
			isa = PBXFrameworksBuildPhase;
			buildActionMask = 2147483647;
			files = (
			);
			runOnlyForDeploymentPostprocessing = 0;
		};
/* End PBXFrameworksBuildPhase section */

/* Begin PBXGroup section */
		BFEB402020D24B300099F11B = {
			isa = PBXGroup;
			children = (
				BFEB402B20D24B300099F11B /* KVOTest */,
				BFEB402A20D24B300099F11B /* Products */,
			);
			sourceTree = "<group>";
		};
		BFEB402A20D24B300099F11B /* Products */ = {
			isa = PBXGroup;
			children = (
				BFEB402920D24B300099F11B /* KVOTest.app */,
			);
			name = Products;
			sourceTree = "<group>";
		};
		BFEB402B20D24B300099F11B /* KVOTest */ = {
			isa = PBXGroup;
			children = (
				BFEB402C20D24B300099F11B /* AppDelegate.h */,
				BFEB402D20D24B300099F11B /* AppDelegate.m */,
				BFEB402F20D24B300099F11B /* ViewController.h */,
				BFEB403020D24B300099F11B /* ViewController.m */,
				BFEB404220D24C760099F11B /* KVOView.h */,
				BFEB404320D24C760099F11B /* KVOView.m */,
				BFEB404520D24F260099F11B /* BlueView.h */,
				BFEB404620D24F260099F11B /* BlueView.m */,
				BFEB403220D24B300099F11B /* Main.storyboard */,
				BFEB403520D24B310099F11B /* Assets.xcassets */,
				BFEB403720D24B310099F11B /* LaunchScreen.storyboard */,
				BFEB403A20D24B310099F11B /* Info.plist */,
				BFEB403B20D24B310099F11B /* main.m */,
			);
			path = KVOTest;
			sourceTree = "<group>";
		};
/* End PBXGroup section */

/* Begin PBXNativeTarget section */
		BFEB402820D24B300099F11B /* KVOTest */ = {
			isa = PBXNativeTarget;
			buildConfigurationList = BFEB403F20D24B310099F11B /* Build configuration list for PBXNativeTarget "KVOTest" */;
			buildPhases = (
				BFEB402520D24B300099F11B /* Sources */,
				BFEB402620D24B300099F11B /* Frameworks */,
				BFEB402720D24B300099F11B /* Resources */,
			);
			buildRules = (
			);
			dependencies = (
			);
			name = KVOTest;
			productName = KVOTest;
			productReference = BFEB402920D24B300099F11B /* KVOTest.app */;
			productType = "com.apple.product-type.application";
		};
/* End PBXNativeTarget section */

/* Begin PBXProject section */
		BFEB402120D24B300099F11B /* Project object */ = {
			isa = PBXProject;
			attributes = {
				LastUpgradeCheck = 0930;
				ORGANIZATIONNAME = wangzhe;
				TargetAttributes = {
					BFEB402820D24B300099F11B = {
						CreatedOnToolsVersion = 9.3;
					};
				};
			};
			buildConfigurationList = BFEB402420D24B300099F11B /* Build configuration list for PBXProject "KVOTest" */;
			compatibilityVersion = "Xcode 9.3";
			developmentRegion = en;
			hasScannedForEncodings = 0;
			knownRegions = (
				en,
				Base,
			);
			mainGroup = BFEB402020D24B300099F11B;
			productRefGroup = BFEB402A20D24B300099F11B /* Products */;
			projectDirPath = "";
			projectRoot = "";
			targets = (
				BFEB402820D24B300099F11B /* KVOTest */,
			);
		};
/* End PBXProject section */

/* Begin PBXResourcesBuildPhase section */
		BFEB402720D24B300099F11B /* Resources */ = {
			isa = PBXResourcesBuildPhase;
			buildActionMask = 2147483647;
			files = (
				BFEB403920D24B310099F11B /* LaunchScreen.storyboard in Resources */,
				BFEB403620D24B310099F11B /* Assets.xcassets in Resources */,
				BFEB403420D24B300099F11B /* Main.storyboard in Resources */,
			);
			runOnlyForDeploymentPostprocessing = 0;
		};
/* End PBXResourcesBuildPhase section */

/* Begin PBXSourcesBuildPhase section */
		BFEB402520D24B300099F11B /* Sources */ = {
			isa = PBXSourcesBuildPhase;
			buildActionMask = 2147483647;
			files = (
				BFEB403120D24B300099F11B /* ViewController.m in Sources */,
				BFEB403C20D24B310099F11B /* main.m in Sources */,
				BFEB404720D24F260099F11B /* BlueView.m in Sources */,
				BFEB402E20D24B300099F11B /* AppDelegate.m in Sources */,
				BFEB404420D24C760099F11B /* KVOView.m in Sources */,
			);
			runOnlyForDeploymentPostprocessing = 0;
		};
/* End PBXSourcesBuildPhase section */

/* Begin PBXVariantGroup section */
		BFEB403220D24B300099F11B /* Main.storyboard */ = {
			isa = PBXVariantGroup;
			children = (
				BFEB403320D24B300099F11B /* Base */,
			);
			name = Main.storyboard;
			sourceTree = "<group>";
		};
		BFEB403720D24B310099F11B /* LaunchScreen.storyboard */ = {
			isa = PBXVariantGroup;
			children = (
				BFEB403820D24B310099F11B /* Base */,
			);
			name = LaunchScreen.storyboard;
			sourceTree = "<group>";
		};
/* End PBXVariantGroup section */

/* Begin XCBuildConfiguration section */
		BFEB403D20D24B310099F11B /* Debug */ = {
			isa = XCBuildConfiguration;
			buildSettings = {
				ALWAYS_SEARCH_USER_PATHS = NO;
				CLANG_ANALYZER_NONNULL = YES;
				CLANG_ANALYZER_NUMBER_OBJECT_CONVERSION = YES_AGGRESSIVE;
				CLANG_CXX_LANGUAGE_STANDARD = "gnu++14";
				CLANG_CXX_LIBRARY = "libc++";
				CLANG_ENABLE_MODULES = YES;
				CLANG_ENABLE_OBJC_ARC = YES;
				CLANG_ENABLE_OBJC_WEAK = YES;
				CLANG_WARN_BLOCK_CAPTURE_AUTORELEASING = YES;
				CLANG_WARN_BOOL_CONVERSION = YES;
				CLANG_WARN_COMMA = YES;
				CLANG_WARN_CONSTANT_CONVERSION = YES;
				CLANG_WARN_DEPRECATED_OBJC_IMPLEMENTATIONS = YES;
				CLANG_WARN_DIRECT_OBJC_ISA_USAGE = YES_ERROR;
				CLANG_WARN_DOCUMENTATION_COMMENTS = YES;
				CLANG_WARN_EMPTY_BODY = YES;
				CLANG_WARN_ENUM_CONVERSION = YES;
				CLANG_WARN_INFINITE_RECURSION = YES;
				CLANG_WARN_INT_CONVERSION = YES;
				CLANG_WARN_NON_LITERAL_NULL_CONVERSION = YES;
				CLANG_WARN_OBJC_IMPLICIT_RETAIN_SELF = YES;
				CLANG_WARN_OBJC_LITERAL_CONVERSION = YES;
				CLANG_WARN_OBJC_ROOT_CLASS = YES_ERROR;
				CLANG_WARN_RANGE_LOOP_ANALYSIS = YES;
				CLANG_WARN_STRICT_PROTOTYPES = YES;
				CLANG_WARN_SUSPICIOUS_MOVE = YES;
				CLANG_WARN_UNGUARDED_AVAILABILITY = YES_AGGRESSIVE;
				CLANG_WARN_UNREACHABLE_CODE = YES;
				CLANG_WARN__DUPLICATE_METHOD_MATCH = YES;
				CODE_SIGN_IDENTITY = "iPhone Developer";
				COPY_PHASE_STRIP = NO;
				DEBUG_INFORMATION_FORMAT = dwarf;
				ENABLE_STRICT_OBJC_MSGSEND = YES;
				ENABLE_TESTABILITY = YES;
				GCC_C_LANGUAGE_STANDARD = gnu11;
				GCC_DYNAMIC_NO_PIC = NO;
				GCC_NO_COMMON_BLOCKS = YES;
				GCC_OPTIMIZATION_LEVEL = 0;
				GCC_PREPROCESSOR_DEFINITIONS = (
					"DEBUG=1",
					"$(inherited)",
				);
				GCC_WARN_64_TO_32_BIT_CONVERSION = YES;
				GCC_WARN_ABOUT_RETURN_TYPE = YES_ERROR;
				GCC_WARN_UNDECLARED_SELECTOR = YES;
				GCC_WARN_UNINITIALIZED_AUTOS = YES_AGGRESSIVE;
				GCC_WARN_UNUSED_FUNCTION = YES;
				GCC_WARN_UNUSED_VARIABLE = YES;
				IPHONEOS_DEPLOYMENT_TARGET = 9.0;
				MTL_ENABLE_DEBUG_INFO = YES;
				ONLY_ACTIVE_ARCH = YES;
				SDKROOT = iphoneos;
			};
			name = Debug;
		};
		BFEB403E20D24B310099F11B /* Release */ = {
			isa = XCBuildConfiguration;
			buildSettings = {
				ALWAYS_SEARCH_USER_PATHS = NO;
				CLANG_ANALYZER_NONNULL = YES;
				CLANG_ANALYZER_NUMBER_OBJECT_CONVERSION = YES_AGGRESSIVE;
				CLANG_CXX_LANGUAGE_STANDARD = "gnu++14";
				CLANG_CXX_LIBRARY = "libc++";
				CLANG_ENABLE_MODULES = YES;
				CLANG_ENABLE_OBJC_ARC = YES;
				CLANG_ENABLE_OBJC_WEAK = YES;
				CLANG_WARN_BLOCK_CAPTURE_AUTORELEASING = YES;
				CLANG_WARN_BOOL_CONVERSION = YES;
				CLANG_WARN_COMMA = YES;
				CLANG_WARN_CONSTANT_CONVERSION = YES;
				CLANG_WARN_DEPRECATED_OBJC_IMPLEMENTATIONS = YES;
				CLANG_WARN_DIRECT_OBJC_ISA_USAGE = YES_ERROR;
				CLANG_WARN_DOCUMENTATION_COMMENTS = YES;
				CLANG_WARN_EMPTY_BODY = YES;
				CLANG_WARN_ENUM_CONVERSION = YES;
				CLANG_WARN_INFINITE_RECURSION = YES;
				CLANG_WARN_INT_CONVERSION = YES;
				CLANG_WARN_NON_LITERAL_NULL_CONVERSION = YES;
				CLANG_WARN_OBJC_IMPLICIT_RETAIN_SELF = YES;
				CLANG_WARN_OBJC_LITERAL_CONVERSION = YES;
				CLANG_WARN_OBJC_ROOT_CLASS = YES_ERROR;
				CLANG_WARN_RANGE_LOOP_ANALYSIS = YES;
				CLANG_WARN_STRICT_PROTOTYPES = YES;
				CLANG_WARN_SUSPICIOUS_MOVE = YES;
				CLANG_WARN_UNGUARDED_AVAILABILITY = YES_AGGRESSIVE;
				CLANG_WARN_UNREACHABLE_CODE = YES;
				CLANG_WARN__DUPLICATE_METHOD_MATCH = YES;
				CODE_SIGN_IDENTITY = "iPhone Developer";
				COPY_PHASE_STRIP = NO;
				DEBUG_INFORMATION_FORMAT = "dwarf-with-dsym";
				ENABLE_NS_ASSERTIONS = NO;
				ENABLE_STRICT_OBJC_MSGSEND = YES;
				GCC_C_LANGUAGE_STANDARD = gnu11;
				GCC_NO_COMMON_BLOCKS = YES;
				GCC_WARN_64_TO_32_BIT_CONVERSION = YES;
				GCC_WARN_ABOUT_RETURN_TYPE = YES_ERROR;
				GCC_WARN_UNDECLARED_SELECTOR = YES;
				GCC_WARN_UNINITIALIZED_AUTOS = YES_AGGRESSIVE;
				GCC_WARN_UNUSED_FUNCTION = YES;
				GCC_WARN_UNUSED_VARIABLE = YES;
				IPHONEOS_DEPLOYMENT_TARGET = 9.0;
				MTL_ENABLE_DEBUG_INFO = NO;
				SDKROOT = iphoneos;
				VALIDATE_PRODUCT = YES;
			};
			name = Release;
		};
		BFEB404020D24B310099F11B /* Debug */ = {
			isa = XCBuildConfiguration;
			buildSettings = {
				ASSETCATALOG_COMPILER_APPICON_NAME = AppIcon;
				CODE_SIGN_STYLE = Automatic;
				DEVELOPMENT_TEAM = 2U75WLMTPA;
				INFOPLIST_FILE = KVOTest/Info.plist;
				IPHONEOS_DEPLOYMENT_TARGET = 9.0;
				LD_RUNPATH_SEARCH_PATHS = (
					"$(inherited)",
					"@executable_path/Frameworks",
				);
				PRODUCT_BUNDLE_IDENTIFIER = com.private.wangzhe.KVOTest;
				PRODUCT_NAME = "$(TARGET_NAME)";
				TARGETED_DEVICE_FAMILY = "1,2";
			};
			name = Debug;
		};
		BFEB404120D24B310099F11B /* Release */ = {
			isa = XCBuildConfiguration;
			buildSettings = {
				ASSETCATALOG_COMPILER_APPICON_NAME = AppIcon;
				CODE_SIGN_STYLE = Automatic;
				DEVELOPMENT_TEAM = 2U75WLMTPA;
				INFOPLIST_FILE = KVOTest/Info.plist;
				IPHONEOS_DEPLOYMENT_TARGET = 9.0;
				LD_RUNPATH_SEARCH_PATHS = (
					"$(inherited)",
					"@executable_path/Frameworks",
				);
				PRODUCT_BUNDLE_IDENTIFIER = com.private.wangzhe.KVOTest;
				PRODUCT_NAME = "$(TARGET_NAME)";
				TARGETED_DEVICE_FAMILY = "1,2";
			};
			name = Release;
		};
/* End XCBuildConfiguration section */

/* Begin XCConfigurationList section */
		BFEB402420D24B300099F11B /* Build configuration list for PBXProject "KVOTest" */ = {
			isa = XCConfigurationList;
			buildConfigurations = (
				BFEB403D20D24B310099F11B /* Debug */,
				BFEB403E20D24B310099F11B /* Release */,
			);
			defaultConfigurationIsVisible = 0;
			defaultConfigurationName = Release;
		};
		BFEB403F20D24B310099F11B /* Build configuration list for PBXNativeTarget "KVOTest" */ = {
			isa = XCConfigurationList;
			buildConfigurations = (
				BFEB404020D24B310099F11B /* Debug */,
				BFEB404120D24B310099F11B /* Release */,
			);
			defaultConfigurationIsVisible = 0;
			defaultConfigurationName = Release;
		};
/* End XCConfigurationList section */
	};
	rootObject = BFEB402120D24B300099F11B /* Project object */;
}
