// !$*UTF8*$!
{
	archiveVersion = 1;
	classes = {
	};
	objectVersion = 50;
	objects = {

/* Begin PBXBuildFile section */
		BF1D3E802133973200FBC318 /* main.m in Sources */ = {isa = PBXBuildFile; fileRef = BF1D3E7F2133973200FBC318 /* main.m */; };
		BF1D3E89213397A300FBC318 /* Target.m in Sources */ = {isa = PBXBuildFile; fileRef = BF1D3E88213397A300FBC318 /* Target.m */; };
		BF1D3E8C213397F700FBC318 /* Adaptee.m in Sources */ = {isa = PBXBuildFile; fileRef = BF1D3E8B213397F700FBC318 /* Adaptee.m */; };
		BF1D3E8F2133986F00FBC318 /* Adapter.m in Sources */ = {isa = PBXBuildFile; fileRef = BF1D3E8E2133986F00FBC318 /* Adapter.m */; };
		BF1D3E9521339FFD00FBC318 /* AdapterClient.m in Sources */ = {isa = PBXBuildFile; fileRef = BF1D3E9421339FFD00FBC318 /* AdapterClient.m */; };
		BF1D3E992133A31500FBC318 /* BridgeClient.m in Sources */ = {isa = PBXBuildFile; fileRef = BF1D3E982133A31500FBC318 /* BridgeClient.m */; };
		BF1D3E9C2133A33100FBC318 /* Implementor.m in Sources */ = {isa = PBXBuildFile; fileRef = BF1D3E9B2133A33100FBC318 /* Implementor.m */; };
		BF1D3E9F2133A38700FBC318 /* Abstraction.m in Sources */ = {isa = PBXBuildFile; fileRef = BF1D3E9E2133A38700FBC318 /* Abstraction.m */; };
		BF1D3EA22133A44600FBC318 /* RefinedAbstraction.m in Sources */ = {isa = PBXBuildFile; fileRef = BF1D3EA12133A44600FBC318 /* RefinedAbstraction.m */; };
		BF1D3EA52133A5C900FBC318 /* ConcreteImplementorA.m in Sources */ = {isa = PBXBuildFile; fileRef = BF1D3EA42133A5C900FBC318 /* ConcreteImplementorA.m */; };
		BF1D3EA82133A60C00FBC318 /* ConcreteImplementorB.m in Sources */ = {isa = PBXBuildFile; fileRef = BF1D3EA72133A60C00FBC318 /* ConcreteImplementorB.m */; };
		BF1D3EAC2133F3F900FBC318 /* DecoratorClient.m in Sources */ = {isa = PBXBuildFile; fileRef = BF1D3EAB2133F3F900FBC318 /* DecoratorClient.m */; };
		BF1D3EB22133F50600FBC318 /* Transform.m in Sources */ = {isa = PBXBuildFile; fileRef = BF1D3EB12133F50600FBC318 /* Transform.m */; };
		BF1D3EB82133F54F00FBC318 /* Car.m in Sources */ = {isa = PBXBuildFile; fileRef = BF1D3EB72133F54F00FBC318 /* Car.m */; };
		BF1D3EBB2133F5BB00FBC318 /* Changer.m in Sources */ = {isa = PBXBuildFile; fileRef = BF1D3EBA2133F5BB00FBC318 /* Changer.m */; };
		BF1D3EBE2133F67300FBC318 /* Robot.m in Sources */ = {isa = PBXBuildFile; fileRef = BF1D3EBD2133F67300FBC318 /* Robot.m */; };
		BF1D3EC12133F7CA00FBC318 /* AirPlane.m in Sources */ = {isa = PBXBuildFile; fileRef = BF1D3EC02133F7CA00FBC318 /* AirPlane.m */; };
/* End PBXBuildFile section */

/* Begin PBXCopyFilesBuildPhase section */
		BF1D3E7A2133973200FBC318 /* CopyFiles */ = {
			isa = PBXCopyFilesBuildPhase;
			buildActionMask = 2147483647;
			dstPath = /usr/share/man/man1/;
			dstSubfolderSpec = 0;
			files = (
			);
			runOnlyForDeploymentPostprocessing = 1;
		};
/* End PBXCopyFilesBuildPhase section */

/* Begin PBXFileReference section */
		BF1D3E7C2133973200FBC318 /* DesignPattern */ = {isa = PBXFileReference; explicitFileType = "compiled.mach-o.executable"; includeInIndex = 0; path = DesignPattern; sourceTree = BUILT_PRODUCTS_DIR; };
		BF1D3E7F2133973200FBC318 /* main.m */ = {isa = PBXFileReference; lastKnownFileType = sourcecode.c.objc; path = main.m; sourceTree = "<group>"; };
		BF1D3E87213397A300FBC318 /* Target.h */ = {isa = PBXFileReference; lastKnownFileType = sourcecode.c.h; path = Target.h; sourceTree = "<group>"; };
		BF1D3E88213397A300FBC318 /* Target.m */ = {isa = PBXFileReference; lastKnownFileType = sourcecode.c.objc; path = Target.m; sourceTree = "<group>"; };
		BF1D3E8A213397F700FBC318 /* Adaptee.h */ = {isa = PBXFileReference; lastKnownFileType = sourcecode.c.h; path = Adaptee.h; sourceTree = "<group>"; };
		BF1D3E8B213397F700FBC318 /* Adaptee.m */ = {isa = PBXFileReference; lastKnownFileType = sourcecode.c.objc; path = Adaptee.m; sourceTree = "<group>"; };
		BF1D3E8D2133986F00FBC318 /* Adapter.h */ = {isa = PBXFileReference; lastKnownFileType = sourcecode.c.h; path = Adapter.h; sourceTree = "<group>"; };
		BF1D3E8E2133986F00FBC318 /* Adapter.m */ = {isa = PBXFileReference; lastKnownFileType = sourcecode.c.objc; path = Adapter.m; sourceTree = "<group>"; };
		BF1D3E9321339FFD00FBC318 /* AdapterClient.h */ = {isa = PBXFileReference; lastKnownFileType = sourcecode.c.h; path = AdapterClient.h; sourceTree = "<group>"; };
		BF1D3E9421339FFD00FBC318 /* AdapterClient.m */ = {isa = PBXFileReference; lastKnownFileType = sourcecode.c.objc; path = AdapterClient.m; sourceTree = "<group>"; };
		BF1D3E972133A31500FBC318 /* BridgeClient.h */ = {isa = PBXFileReference; lastKnownFileType = sourcecode.c.h; path = BridgeClient.h; sourceTree = "<group>"; };
		BF1D3E982133A31500FBC318 /* BridgeClient.m */ = {isa = PBXFileReference; lastKnownFileType = sourcecode.c.objc; path = BridgeClient.m; sourceTree = "<group>"; };
		BF1D3E9A2133A33100FBC318 /* Implementor.h */ = {isa = PBXFileReference; lastKnownFileType = sourcecode.c.h; path = Implementor.h; sourceTree = "<group>"; };
		BF1D3E9B2133A33100FBC318 /* Implementor.m */ = {isa = PBXFileReference; lastKnownFileType = sourcecode.c.objc; path = Implementor.m; sourceTree = "<group>"; };
		BF1D3E9D2133A38700FBC318 /* Abstraction.h */ = {isa = PBXFileReference; lastKnownFileType = sourcecode.c.h; path = Abstraction.h; sourceTree = "<group>"; };
		BF1D3E9E2133A38700FBC318 /* Abstraction.m */ = {isa = PBXFileReference; lastKnownFileType = sourcecode.c.objc; path = Abstraction.m; sourceTree = "<group>"; };
		BF1D3EA02133A44600FBC318 /* RefinedAbstraction.h */ = {isa = PBXFileReference; lastKnownFileType = sourcecode.c.h; path = RefinedAbstraction.h; sourceTree = "<group>"; };
		BF1D3EA12133A44600FBC318 /* RefinedAbstraction.m */ = {isa = PBXFileReference; lastKnownFileType = sourcecode.c.objc; path = RefinedAbstraction.m; sourceTree = "<group>"; };
		BF1D3EA32133A5C900FBC318 /* ConcreteImplementorA.h */ = {isa = PBXFileReference; lastKnownFileType = sourcecode.c.h; path = ConcreteImplementorA.h; sourceTree = "<group>"; };
		BF1D3EA42133A5C900FBC318 /* ConcreteImplementorA.m */ = {isa = PBXFileReference; lastKnownFileType = sourcecode.c.objc; path = ConcreteImplementorA.m; sourceTree = "<group>"; };
		BF1D3EA62133A60C00FBC318 /* ConcreteImplementorB.h */ = {isa = PBXFileReference; lastKnownFileType = sourcecode.c.h; path = ConcreteImplementorB.h; sourceTree = "<group>"; };
		BF1D3EA72133A60C00FBC318 /* ConcreteImplementorB.m */ = {isa = PBXFileReference; lastKnownFileType = sourcecode.c.objc; path = ConcreteImplementorB.m; sourceTree = "<group>"; };
		BF1D3EAA2133F3F900FBC318 /* DecoratorClient.h */ = {isa = PBXFileReference; lastKnownFileType = sourcecode.c.h; path = DecoratorClient.h; sourceTree = "<group>"; };
		BF1D3EAB2133F3F900FBC318 /* DecoratorClient.m */ = {isa = PBXFileReference; lastKnownFileType = sourcecode.c.objc; path = DecoratorClient.m; sourceTree = "<group>"; };
		BF1D3EB02133F50600FBC318 /* Transform.h */ = {isa = PBXFileReference; lastKnownFileType = sourcecode.c.h; path = Transform.h; sourceTree = "<group>"; };
		BF1D3EB12133F50600FBC318 /* Transform.m */ = {isa = PBXFileReference; lastKnownFileType = sourcecode.c.objc; path = Transform.m; sourceTree = "<group>"; };
		BF1D3EB62133F54F00FBC318 /* Car.h */ = {isa = PBXFileReference; lastKnownFileType = sourcecode.c.h; path = Car.h; sourceTree = "<group>"; };
		BF1D3EB72133F54F00FBC318 /* Car.m */ = {isa = PBXFileReference; lastKnownFileType = sourcecode.c.objc; path = Car.m; sourceTree = "<group>"; };
		BF1D3EB92133F5BB00FBC318 /* Changer.h */ = {isa = PBXFileReference; lastKnownFileType = sourcecode.c.h; path = Changer.h; sourceTree = "<group>"; };
		BF1D3EBA2133F5BB00FBC318 /* Changer.m */ = {isa = PBXFileReference; lastKnownFileType = sourcecode.c.objc; path = Changer.m; sourceTree = "<group>"; };
		BF1D3EBC2133F67300FBC318 /* Robot.h */ = {isa = PBXFileReference; lastKnownFileType = sourcecode.c.h; path = Robot.h; sourceTree = "<group>"; };
		BF1D3EBD2133F67300FBC318 /* Robot.m */ = {isa = PBXFileReference; lastKnownFileType = sourcecode.c.objc; path = Robot.m; sourceTree = "<group>"; };
		BF1D3EBF2133F7CA00FBC318 /* AirPlane.h */ = {isa = PBXFileReference; lastKnownFileType = sourcecode.c.h; path = AirPlane.h; sourceTree = "<group>"; };
		BF1D3EC02133F7CA00FBC318 /* AirPlane.m */ = {isa = PBXFileReference; lastKnownFileType = sourcecode.c.objc; path = AirPlane.m; sourceTree = "<group>"; };
/* End PBXFileReference section */

/* Begin PBXFrameworksBuildPhase section */
		BF1D3E792133973200FBC318 /* Frameworks */ = {
			isa = PBXFrameworksBuildPhase;
			buildActionMask = 2147483647;
			files = (
			);
			runOnlyForDeploymentPostprocessing = 0;
		};
/* End PBXFrameworksBuildPhase section */

/* Begin PBXGroup section */
		BF1D3E732133973200FBC318 = {
			isa = PBXGroup;
			children = (
				BF1D3E7E2133973200FBC318 /* DesignPattern */,
				BF1D3E7D2133973200FBC318 /* Products */,
			);
			sourceTree = "<group>";
		};
		BF1D3E7D2133973200FBC318 /* Products */ = {
			isa = PBXGroup;
			children = (
				BF1D3E7C2133973200FBC318 /* DesignPattern */,
			);
			name = Products;
			sourceTree = "<group>";
		};
		BF1D3E7E2133973200FBC318 /* DesignPattern */ = {
			isa = PBXGroup;
			children = (
				BF1D3E7F2133973200FBC318 /* main.m */,
				BF1D3E862133976100FBC318 /* Adapter */,
				BF1D3E962133A2ED00FBC318 /* Bridge */,
				BF1D3EA92133F38C00FBC318 /* Decorator */,
			);
			path = DesignPattern;
			sourceTree = "<group>";
		};
		BF1D3E862133976100FBC318 /* Adapter */ = {
			isa = PBXGroup;
			children = (
				BF1D3E9321339FFD00FBC318 /* AdapterClient.h */,
				BF1D3E9421339FFD00FBC318 /* AdapterClient.m */,
				BF1D3E87213397A300FBC318 /* Target.h */,
				BF1D3E88213397A300FBC318 /* Target.m */,
				BF1D3E8D2133986F00FBC318 /* Adapter.h */,
				BF1D3E8E2133986F00FBC318 /* Adapter.m */,
				BF1D3E8A213397F700FBC318 /* Adaptee.h */,
				BF1D3E8B213397F700FBC318 /* Adaptee.m */,
			);
			path = Adapter;
			sourceTree = "<group>";
		};
		BF1D3E962133A2ED00FBC318 /* Bridge */ = {
			isa = PBXGroup;
			children = (
				BF1D3E972133A31500FBC318 /* BridgeClient.h */,
				BF1D3E982133A31500FBC318 /* BridgeClient.m */,
				BF1D3E9A2133A33100FBC318 /* Implementor.h */,
				BF1D3E9B2133A33100FBC318 /* Implementor.m */,
				BF1D3EA32133A5C900FBC318 /* ConcreteImplementorA.h */,
				BF1D3EA42133A5C900FBC318 /* ConcreteImplementorA.m */,
				BF1D3EA62133A60C00FBC318 /* ConcreteImplementorB.h */,
				BF1D3EA72133A60C00FBC318 /* ConcreteImplementorB.m */,
				BF1D3E9D2133A38700FBC318 /* Abstraction.h */,
				BF1D3E9E2133A38700FBC318 /* Abstraction.m */,
				BF1D3EA02133A44600FBC318 /* RefinedAbstraction.h */,
				BF1D3EA12133A44600FBC318 /* RefinedAbstraction.m */,
			);
			path = Bridge;
			sourceTree = "<group>";
		};
		BF1D3EA92133F38C00FBC318 /* Decorator */ = {
			isa = PBXGroup;
			children = (
				BF1D3EAA2133F3F900FBC318 /* DecoratorClient.h */,
				BF1D3EAB2133F3F900FBC318 /* DecoratorClient.m */,
				BF1D3EB02133F50600FBC318 /* Transform.h */,
				BF1D3EB12133F50600FBC318 /* Transform.m */,
				BF1D3EB62133F54F00FBC318 /* Car.h */,
				BF1D3EB72133F54F00FBC318 /* Car.m */,
				BF1D3EB92133F5BB00FBC318 /* Changer.h */,
				BF1D3EBA2133F5BB00FBC318 /* Changer.m */,
				BF1D3EBC2133F67300FBC318 /* Robot.h */,
				BF1D3EBD2133F67300FBC318 /* Robot.m */,
				BF1D3EBF2133F7CA00FBC318 /* AirPlane.h */,
				BF1D3EC02133F7CA00FBC318 /* AirPlane.m */,
			);
			path = Decorator;
			sourceTree = "<group>";
		};
/* End PBXGroup section */

/* Begin PBXNativeTarget section */
		BF1D3E7B2133973200FBC318 /* DesignPattern */ = {
			isa = PBXNativeTarget;
			buildConfigurationList = BF1D3E832133973200FBC318 /* Build configuration list for PBXNativeTarget "DesignPattern" */;
			buildPhases = (
				BF1D3E782133973200FBC318 /* Sources */,
				BF1D3E792133973200FBC318 /* Frameworks */,
				BF1D3E7A2133973200FBC318 /* CopyFiles */,
			);
			buildRules = (
			);
			dependencies = (
			);
			name = DesignPattern;
			productName = DesignPattern;
			productReference = BF1D3E7C2133973200FBC318 /* DesignPattern */;
			productType = "com.apple.product-type.tool";
		};
/* End PBXNativeTarget section */

/* Begin PBXProject section */
		BF1D3E742133973200FBC318 /* Project object */ = {
			isa = PBXProject;
			attributes = {
				LastUpgradeCheck = 0940;
				ORGANIZATIONNAME = wangzhe;
				TargetAttributes = {
					BF1D3E7B2133973200FBC318 = {
						CreatedOnToolsVersion = 9.4.1;
					};
				};
			};
			buildConfigurationList = BF1D3E772133973200FBC318 /* Build configuration list for PBXProject "DesignPattern" */;
			compatibilityVersion = "Xcode 9.3";
			developmentRegion = en;
			hasScannedForEncodings = 0;
			knownRegions = (
				en,
			);
			mainGroup = BF1D3E732133973200FBC318;
			productRefGroup = BF1D3E7D2133973200FBC318 /* Products */;
			projectDirPath = "";
			projectRoot = "";
			targets = (
				BF1D3E7B2133973200FBC318 /* DesignPattern */,
			);
		};
/* End PBXProject section */

/* Begin PBXSourcesBuildPhase section */
		BF1D3E782133973200FBC318 /* Sources */ = {
			isa = PBXSourcesBuildPhase;
			buildActionMask = 2147483647;
			files = (
				BF1D3E8C213397F700FBC318 /* Adaptee.m in Sources */,
				BF1D3E9521339FFD00FBC318 /* AdapterClient.m in Sources */,
				BF1D3EA82133A60C00FBC318 /* ConcreteImplementorB.m in Sources */,
				BF1D3E9F2133A38700FBC318 /* Abstraction.m in Sources */,
				BF1D3EBB2133F5BB00FBC318 /* Changer.m in Sources */,
				BF1D3EB82133F54F00FBC318 /* Car.m in Sources */,
				BF1D3EA52133A5C900FBC318 /* ConcreteImplementorA.m in Sources */,
				BF1D3E8F2133986F00FBC318 /* Adapter.m in Sources */,
				BF1D3EBE2133F67300FBC318 /* Robot.m in Sources */,
				BF1D3EAC2133F3F900FBC318 /* DecoratorClient.m in Sources */,
				BF1D3E89213397A300FBC318 /* Target.m in Sources */,
				BF1D3EB22133F50600FBC318 /* Transform.m in Sources */,
				BF1D3EC12133F7CA00FBC318 /* AirPlane.m in Sources */,
				BF1D3E802133973200FBC318 /* main.m in Sources */,
				BF1D3E992133A31500FBC318 /* BridgeClient.m in Sources */,
				BF1D3EA22133A44600FBC318 /* RefinedAbstraction.m in Sources */,
				BF1D3E9C2133A33100FBC318 /* Implementor.m in Sources */,
			);
			runOnlyForDeploymentPostprocessing = 0;
		};
/* End PBXSourcesBuildPhase section */

/* Begin XCBuildConfiguration section */
		BF1D3E812133973200FBC318 /* Debug */ = {
			isa = XCBuildConfiguration;
			buildSettings = {
				ALWAYS_SEARCH_USER_PATHS = NO;
				CLANG_ANALYZER_NONNULL = YES;
				CLANG_ANALYZER_NUMBER_OBJECT_CONVERSION = YES_AGGRESSIVE;
				CLANG_CXX_LANGUAGE_STANDARD = "gnu++14";
				CLANG_CXX_LIBRARY = "libc++";
				CLANG_ENABLE_MODULES = YES;
				CLANG_ENABLE_OBJC_ARC = YES;
				CLANG_ENABLE_OBJC_WEAK = YES;
				CLANG_WARN_BLOCK_CAPTURE_AUTORELEASING = YES;
				CLANG_WARN_BOOL_CONVERSION = YES;
				CLANG_WARN_COMMA = YES;
				CLANG_WARN_CONSTANT_CONVERSION = YES;
				CLANG_WARN_DEPRECATED_OBJC_IMPLEMENTATIONS = YES;
				CLANG_WARN_DIRECT_OBJC_ISA_USAGE = YES_ERROR;
				CLANG_WARN_DOCUMENTATION_COMMENTS = YES;
				CLANG_WARN_EMPTY_BODY = YES;
				CLANG_WARN_ENUM_CONVERSION = YES;
				CLANG_WARN_INFINITE_RECURSION = YES;
				CLANG_WARN_INT_CONVERSION = YES;
				CLANG_WARN_NON_LITERAL_NULL_CONVERSION = YES;
				CLANG_WARN_OBJC_IMPLICIT_RETAIN_SELF = YES;
				CLANG_WARN_OBJC_LITERAL_CONVERSION = YES;
				CLANG_WARN_OBJC_ROOT_CLASS = YES_ERROR;
				CLANG_WARN_RANGE_LOOP_ANALYSIS = YES;
				CLANG_WARN_STRICT_PROTOTYPES = YES;
				CLANG_WARN_SUSPICIOUS_MOVE = YES;
				CLANG_WARN_UNGUARDED_AVAILABILITY = YES_AGGRESSIVE;
				CLANG_WARN_UNREACHABLE_CODE = YES;
				CLANG_WARN__DUPLICATE_METHOD_MATCH = YES;
				CODE_SIGN_IDENTITY = "Mac Developer";
				COPY_PHASE_STRIP = NO;
				DEBUG_INFORMATION_FORMAT = dwarf;
				ENABLE_STRICT_OBJC_MSGSEND = YES;
				ENABLE_TESTABILITY = YES;
				GCC_C_LANGUAGE_STANDARD = gnu11;
				GCC_DYNAMIC_NO_PIC = NO;
				GCC_NO_COMMON_BLOCKS = YES;
				GCC_OPTIMIZATION_LEVEL = 0;
				GCC_PREPROCESSOR_DEFINITIONS = (
					"DEBUG=1",
					"$(inherited)",
				);
				GCC_WARN_64_TO_32_BIT_CONVERSION = YES;
				GCC_WARN_ABOUT_RETURN_TYPE = YES_ERROR;
				GCC_WARN_UNDECLARED_SELECTOR = YES;
				GCC_WARN_UNINITIALIZED_AUTOS = YES_AGGRESSIVE;
				GCC_WARN_UNUSED_FUNCTION = YES;
				GCC_WARN_UNUSED_VARIABLE = YES;
				MACOSX_DEPLOYMENT_TARGET = 10.13;
				MTL_ENABLE_DEBUG_INFO = YES;
				ONLY_ACTIVE_ARCH = YES;
				SDKROOT = macosx;
			};
			name = Debug;
		};
		BF1D3E822133973200FBC318 /* Release */ = {
			isa = XCBuildConfiguration;
			buildSettings = {
				ALWAYS_SEARCH_USER_PATHS = NO;
				CLANG_ANALYZER_NONNULL = YES;
				CLANG_ANALYZER_NUMBER_OBJECT_CONVERSION = YES_AGGRESSIVE;
				CLANG_CXX_LANGUAGE_STANDARD = "gnu++14";
				CLANG_CXX_LIBRARY = "libc++";
				CLANG_ENABLE_MODULES = YES;
				CLANG_ENABLE_OBJC_ARC = YES;
				CLANG_ENABLE_OBJC_WEAK = YES;
				CLANG_WARN_BLOCK_CAPTURE_AUTORELEASING = YES;
				CLANG_WARN_BOOL_CONVERSION = YES;
				CLANG_WARN_COMMA = YES;
				CLANG_WARN_CONSTANT_CONVERSION = YES;
				CLANG_WARN_DEPRECATED_OBJC_IMPLEMENTATIONS = YES;
				CLANG_WARN_DIRECT_OBJC_ISA_USAGE = YES_ERROR;
				CLANG_WARN_DOCUMENTATION_COMMENTS = YES;
				CLANG_WARN_EMPTY_BODY = YES;
				CLANG_WARN_ENUM_CONVERSION = YES;
				CLANG_WARN_INFINITE_RECURSION = YES;
				CLANG_WARN_INT_CONVERSION = YES;
				CLANG_WARN_NON_LITERAL_NULL_CONVERSION = YES;
				CLANG_WARN_OBJC_IMPLICIT_RETAIN_SELF = YES;
				CLANG_WARN_OBJC_LITERAL_CONVERSION = YES;
				CLANG_WARN_OBJC_ROOT_CLASS = YES_ERROR;
				CLANG_WARN_RANGE_LOOP_ANALYSIS = YES;
				CLANG_WARN_STRICT_PROTOTYPES = YES;
				CLANG_WARN_SUSPICIOUS_MOVE = YES;
				CLANG_WARN_UNGUARDED_AVAILABILITY = YES_AGGRESSIVE;
				CLANG_WARN_UNREACHABLE_CODE = YES;
				CLANG_WARN__DUPLICATE_METHOD_MATCH = YES;
				CODE_SIGN_IDENTITY = "Mac Developer";
				COPY_PHASE_STRIP = NO;
				DEBUG_INFORMATION_FORMAT = "dwarf-with-dsym";
				ENABLE_NS_ASSERTIONS = NO;
				ENABLE_STRICT_OBJC_MSGSEND = YES;
				GCC_C_LANGUAGE_STANDARD = gnu11;
				GCC_NO_COMMON_BLOCKS = YES;
				GCC_WARN_64_TO_32_BIT_CONVERSION = YES;
				GCC_WARN_ABOUT_RETURN_TYPE = YES_ERROR;
				GCC_WARN_UNDECLARED_SELECTOR = YES;
				GCC_WARN_UNINITIALIZED_AUTOS = YES_AGGRESSIVE;
				GCC_WARN_UNUSED_FUNCTION = YES;
				GCC_WARN_UNUSED_VARIABLE = YES;
				MACOSX_DEPLOYMENT_TARGET = 10.13;
				MTL_ENABLE_DEBUG_INFO = NO;
				SDKROOT = macosx;
			};
			name = Release;
		};
		BF1D3E842133973200FBC318 /* Debug */ = {
			isa = XCBuildConfiguration;
			buildSettings = {
				CODE_SIGN_STYLE = Automatic;
				DEVELOPMENT_TEAM = 2U75WLMTPA;
				PRODUCT_NAME = "$(TARGET_NAME)";
			};
			name = Debug;
		};
		BF1D3E852133973200FBC318 /* Release */ = {
			isa = XCBuildConfiguration;
			buildSettings = {
				CODE_SIGN_STYLE = Automatic;
				DEVELOPMENT_TEAM = 2U75WLMTPA;
				PRODUCT_NAME = "$(TARGET_NAME)";
			};
			name = Release;
		};
/* End XCBuildConfiguration section */

/* Begin XCConfigurationList section */
		BF1D3E772133973200FBC318 /* Build configuration list for PBXProject "DesignPattern" */ = {
			isa = XCConfigurationList;
			buildConfigurations = (
				BF1D3E812133973200FBC318 /* Debug */,
				BF1D3E822133973200FBC318 /* Release */,
			);
			defaultConfigurationIsVisible = 0;
			defaultConfigurationName = Release;
		};
		BF1D3E832133973200FBC318 /* Build configuration list for PBXNativeTarget "DesignPattern" */ = {
			isa = XCConfigurationList;
			buildConfigurations = (
				BF1D3E842133973200FBC318 /* Debug */,
				BF1D3E852133973200FBC318 /* Release */,
			);
			defaultConfigurationIsVisible = 0;
			defaultConfigurationName = Release;
		};
/* End XCConfigurationList section */
	};
	rootObject = BF1D3E742133973200FBC318 /* Project object */;
}
