PODS:
  - 500px-iOS-api (1.0.5)
  - AFImageDownloader (1.1.0)
  - libextobjc (0.3):
    - libextobjc/EXTADT (= 0.3)
    - libextobjc/EXTAnnotation (= 0.3)
    - libextobjc/EXTAspect (= 0.3)
    - libextobjc/EXTBlockMethod (= 0.3)
    - libextobjc/EXTBlockTarget (= 0.3)
    - libextobjc/EXTConcreteProtocol (= 0.3)
    - libextobjc/EXTDispatchObject (= 0.3)
    - libextobjc/EXTFinalMethod (= 0.3)
    - libextobjc/EXTKeyPathCoding (= 0.3)
    - libextobjc/EXTMaybe (= 0.3)
    - libextobjc/EXTMixin (= 0.3)
    - libextobjc/EXTMultimethod (= 0.3)
    - libextobjc/EXTMultiObject (= 0.3)
    - libextobjc/EXTNil (= 0.3)
    - libextobjc/EXTPassthrough (= 0.3)
    - libextobjc/EXTPrivateMethod (= 0.3)
    - libextobjc/EXTProtocolCategory (= 0.3)
    - libextobjc/EXTSafeCategory (= 0.3)
    - libextobjc/EXTScope (= 0.3)
    - libextobjc/EXTSelectorChecking (= 0.3)
    - libextobjc/EXTSwizzle (= 0.3)
    - libextobjc/EXTSynthesize (= 0.3)
    - libextobjc/EXTTuple (= 0.3)
    - libextobjc/EXTVarargs (= 0.3)
    - "libextobjc/NSInvocation+EXT (= 0.3)"
    - "libextobjc/NSMethodSignature+EXT (= 0.3)"
    - libextobjc/RuntimeExtensions (= 0.3)
    - libextobjc/UmbrellaHeader (= 0.3)
  - libextobjc/EXTADT (0.3):
    - libextobjc/RuntimeExtensions
  - libextobjc/EXTAnnotation (0.3):
    - libextobjc/RuntimeExtensions
  - libextobjc/EXTAspect (0.3):
    - libextobjc/RuntimeExtensions
    - libffi
  - libextobjc/EXTBlockMethod (0.3):
    - libextobjc/RuntimeExtensions
  - libextobjc/EXTBlockTarget (0.3):
    - libextobjc/RuntimeExtensions
  - libextobjc/EXTConcreteProtocol (0.3):
    - libextobjc/RuntimeExtensions
  - libextobjc/EXTDispatchObject (0.3):
    - libextobjc/RuntimeExtensions
  - libextobjc/EXTFinalMethod (0.3):
    - libextobjc/RuntimeExtensions
  - libextobjc/EXTKeyPathCoding (0.3):
    - libextobjc/RuntimeExtensions
  - libextobjc/EXTMaybe (0.3):
    - libextobjc/RuntimeExtensions
  - libextobjc/EXTMixin (0.3):
    - libextobjc/RuntimeExtensions
  - libextobjc/EXTMultimethod (0.3):
    - libextobjc/RuntimeExtensions
  - libextobjc/EXTMultiObject (0.3):
    - libextobjc/RuntimeExtensions
  - libextobjc/EXTNil (0.3):
    - libextobjc/RuntimeExtensions
  - libextobjc/EXTPassthrough (0.3):
    - libextobjc/RuntimeExtensions
  - libextobjc/EXTPrivateMethod (0.3):
    - libextobjc/RuntimeExtensions
  - libextobjc/EXTProtocolCategory (0.3):
    - libextobjc/RuntimeExtensions
  - libextobjc/EXTSafeCategory (0.3):
    - libextobjc/RuntimeExtensions
  - libextobjc/EXTScope (0.3):
    - libextobjc/RuntimeExtensions
  - libextobjc/EXTSelectorChecking (0.3):
    - libextobjc/RuntimeExtensions
  - libextobjc/EXTSwizzle (0.3):
    - libextobjc/RuntimeExtensions
  - libextobjc/EXTSynthesize (0.3):
    - libextobjc/RuntimeExtensions
  - libextobjc/EXTTuple (0.3):
    - libextobjc/RuntimeExtensions
  - libextobjc/EXTVarargs (0.3):
    - libextobjc/RuntimeExtensions
  - "libextobjc/NSInvocation+EXT (0.3)":
    - libextobjc/RuntimeExtensions
  - "libextobjc/NSMethodSignature+EXT (0.3)":
    - libextobjc/RuntimeExtensions
  - libextobjc/RuntimeExtensions (0.3)
  - libextobjc/UmbrellaHeader (0.3)
  - libffi (3.0.13)
  - ReactiveCocoa (2.1.4):
    - ReactiveCocoa/Core (= 2.1.4)
    - ReactiveCocoa/no-arc (= 2.1.4)
  - ReactiveCocoa/Core (2.1.4):
    - ReactiveCocoa/no-arc
  - ReactiveCocoa/no-arc (2.1.4)
  - ReactiveViewModel (0.1.1):
    - ReactiveCocoa (~> 2.1)
  - SVProgressHUD (1.0)

DEPENDENCIES:
  - 500px-iOS-api
  - AFImageDownloader
  - libextobjc
  - ReactiveCocoa (= 2.1.4)
  - ReactiveViewModel (from `https://github.com/ashfurrow/ReactiveViewModel.git`, tag `0.1.2`)
  - SVProgressHUD (= 1.0)

SPEC REPOS:
  https://github.com/cocoapods/specs.git:
    - 500px-iOS-api
    - AFImageDownloader
    - libextobjc
    - libffi
    - ReactiveCocoa
    - SVProgressHUD

EXTERNAL SOURCES:
  ReactiveViewModel:
    :git: https://github.com/ashfurrow/ReactiveViewModel.git
    :tag: 0.1.2

CHECKOUT OPTIONS:
  ReactiveViewModel:
    :git: https://github.com/ashfurrow/ReactiveViewModel.git
    :tag: 0.1.2

SPEC CHECKSUMS:
  500px-iOS-api: d9e46cb6300cef1a12964641374aa467d3cfb891
  AFImageDownloader: 98888db67fa2b3947b5e76f9015971eaa3cea9d5
  libextobjc: 34cd4e77070160a3fa910db193e1e194e8591aa2
  libffi: 1f65dbbdb2c88491c06640dd3bb96030070ca97c
  ReactiveCocoa: 12072a1a4768b988f1f5a0a8c171c96bf021c2ff
  ReactiveViewModel: 5d852269482387abd4e343cff4c05004967a0707
  SVProgressHUD: 46088807596a795cbcb4affd92cf3f13b6ab3dda

PODFILE CHECKSUM: f794d12c4a85fbe4f15effb8adbfab0f9726c630

COCOAPODS: 1.5.3
