// !$*UTF8*$!
{
	archiveVersion = 1;
	classes = {
	};
	objectVersion = 50;
	objects = {

/* Begin PBXBuildFile section */
		2643AD0D0B5459ECD8995490 /* libPods-FunctionalReactivePixel.a in Frameworks */ = {isa = PBXBuildFile; fileRef = 84C700691AA290C3BA0533D4 /* libPods-FunctionalReactivePixel.a */; };
		BF410D5220C7767100251F32 /* AppDelegate.m in Sources */ = {isa = PBXBuildFile; fileRef = BF410D5120C7767100251F32 /* AppDelegate.m */; };
		BF410D5820C7767100251F32 /* Main.storyboard in Resources */ = {isa = PBXBuildFile; fileRef = BF410D5620C7767100251F32 /* Main.storyboard */; };
		BF410D5B20C7767100251F32 /* FunctionalReactivePixel.xcdatamodeld in Sources */ = {isa = PBXBuildFile; fileRef = BF410D5920C7767100251F32 /* FunctionalReactivePixel.xcdatamodeld */; };
		BF410D5D20C7767200251F32 /* Assets.xcassets in Resources */ = {isa = PBXBuildFile; fileRef = BF410D5C20C7767200251F32 /* Assets.xcassets */; };
		BF410D6020C7767200251F32 /* LaunchScreen.storyboard in Resources */ = {isa = PBXBuildFile; fileRef = BF410D5E20C7767200251F32 /* LaunchScreen.storyboard */; };
		BF410D6320C7767200251F32 /* main.m in Sources */ = {isa = PBXBuildFile; fileRef = BF410D6220C7767200251F32 /* main.m */; };
		BF410D6B20C7839600251F32 /* FRPGalleryViewController.m in Sources */ = {isa = PBXBuildFile; fileRef = BF410D6A20C7839600251F32 /* FRPGalleryViewController.m */; };
		BF410D6E20C783B900251F32 /* FRPGalleryFlowLayout.m in Sources */ = {isa = PBXBuildFile; fileRef = BF410D6D20C783B900251F32 /* FRPGalleryFlowLayout.m */; };
		BF410D7120C78C6900251F32 /* FRPPhotoModel.m in Sources */ = {isa = PBXBuildFile; fileRef = BF410D7020C78C6900251F32 /* FRPPhotoModel.m */; };
		BF410D7420C78CB900251F32 /* FRPPhotoImporter.m in Sources */ = {isa = PBXBuildFile; fileRef = BF410D7320C78CB900251F32 /* FRPPhotoImporter.m */; };
		BF410D7720C7CB9800251F32 /* FRPCell.m in Sources */ = {isa = PBXBuildFile; fileRef = BF410D7620C7CB9800251F32 /* FRPCell.m */; };
		BF410D7A20C7E95200251F32 /* FRPFullSizePhotoViewController.m in Sources */ = {isa = PBXBuildFile; fileRef = BF410D7920C7E95200251F32 /* FRPFullSizePhotoViewController.m */; };
		BF410D7D20C7EF4A00251F32 /* FRPPhotoViewController.m in Sources */ = {isa = PBXBuildFile; fileRef = BF410D7C20C7EF4A00251F32 /* FRPPhotoViewController.m */; };
		BF410D8020C9047B00251F32 /* FRPFullSizePhotoViewModel.m in Sources */ = {isa = PBXBuildFile; fileRef = BF410D7F20C9047B00251F32 /* FRPFullSizePhotoViewModel.m */; };
		BF410D8320C908AD00251F32 /* FRPPhotoViewModel.m in Sources */ = {isa = PBXBuildFile; fileRef = BF410D8220C908AD00251F32 /* FRPPhotoViewModel.m */; };
		BF410D8620C9100500251F32 /* FRPGalleryViewModel.m in Sources */ = {isa = PBXBuildFile; fileRef = BF410D8520C9100500251F32 /* FRPGalleryViewModel.m */; };
/* End PBXBuildFile section */

/* Begin PBXFileReference section */
		081D69B199F0B4567EC12D7E /* Pods-FunctionalReactivePixel.release.xcconfig */ = {isa = PBXFileReference; includeInIndex = 1; lastKnownFileType = text.xcconfig; name = "Pods-FunctionalReactivePixel.release.xcconfig"; path = "Pods/Target Support Files/Pods-FunctionalReactivePixel/Pods-FunctionalReactivePixel.release.xcconfig"; sourceTree = "<group>"; };
		84C700691AA290C3BA0533D4 /* libPods-FunctionalReactivePixel.a */ = {isa = PBXFileReference; explicitFileType = archive.ar; includeInIndex = 0; path = "libPods-FunctionalReactivePixel.a"; sourceTree = BUILT_PRODUCTS_DIR; };
		BF410D4D20C7767100251F32 /* FunctionalReactivePixel.app */ = {isa = PBXFileReference; explicitFileType = wrapper.application; includeInIndex = 0; path = FunctionalReactivePixel.app; sourceTree = BUILT_PRODUCTS_DIR; };
		BF410D5020C7767100251F32 /* AppDelegate.h */ = {isa = PBXFileReference; lastKnownFileType = sourcecode.c.h; path = AppDelegate.h; sourceTree = "<group>"; };
		BF410D5120C7767100251F32 /* AppDelegate.m */ = {isa = PBXFileReference; lastKnownFileType = sourcecode.c.objc; path = AppDelegate.m; sourceTree = "<group>"; };
		BF410D5720C7767100251F32 /* Base */ = {isa = PBXFileReference; lastKnownFileType = file.storyboard; name = Base; path = Base.lproj/Main.storyboard; sourceTree = "<group>"; };
		BF410D5A20C7767100251F32 /* FunctionalReactivePixel.xcdatamodel */ = {isa = PBXFileReference; lastKnownFileType = wrapper.xcdatamodel; path = FunctionalReactivePixel.xcdatamodel; sourceTree = "<group>"; };
		BF410D5C20C7767200251F32 /* Assets.xcassets */ = {isa = PBXFileReference; lastKnownFileType = folder.assetcatalog; path = Assets.xcassets; sourceTree = "<group>"; };
		BF410D5F20C7767200251F32 /* Base */ = {isa = PBXFileReference; lastKnownFileType = file.storyboard; name = Base; path = Base.lproj/LaunchScreen.storyboard; sourceTree = "<group>"; };
		BF410D6120C7767200251F32 /* Info.plist */ = {isa = PBXFileReference; lastKnownFileType = text.plist.xml; path = Info.plist; sourceTree = "<group>"; };
		BF410D6220C7767200251F32 /* main.m */ = {isa = PBXFileReference; lastKnownFileType = sourcecode.c.objc; path = main.m; sourceTree = "<group>"; };
		BF410D6920C7839600251F32 /* FRPGalleryViewController.h */ = {isa = PBXFileReference; lastKnownFileType = sourcecode.c.h; path = FRPGalleryViewController.h; sourceTree = "<group>"; };
		BF410D6A20C7839600251F32 /* FRPGalleryViewController.m */ = {isa = PBXFileReference; lastKnownFileType = sourcecode.c.objc; path = FRPGalleryViewController.m; sourceTree = "<group>"; };
		BF410D6C20C783B900251F32 /* FRPGalleryFlowLayout.h */ = {isa = PBXFileReference; lastKnownFileType = sourcecode.c.h; path = FRPGalleryFlowLayout.h; sourceTree = "<group>"; };
		BF410D6D20C783B900251F32 /* FRPGalleryFlowLayout.m */ = {isa = PBXFileReference; lastKnownFileType = sourcecode.c.objc; path = FRPGalleryFlowLayout.m; sourceTree = "<group>"; };
		BF410D6F20C78C6900251F32 /* FRPPhotoModel.h */ = {isa = PBXFileReference; lastKnownFileType = sourcecode.c.h; path = FRPPhotoModel.h; sourceTree = "<group>"; };
		BF410D7020C78C6900251F32 /* FRPPhotoModel.m */ = {isa = PBXFileReference; lastKnownFileType = sourcecode.c.objc; path = FRPPhotoModel.m; sourceTree = "<group>"; };
		BF410D7220C78CB900251F32 /* FRPPhotoImporter.h */ = {isa = PBXFileReference; lastKnownFileType = sourcecode.c.h; path = FRPPhotoImporter.h; sourceTree = "<group>"; };
		BF410D7320C78CB900251F32 /* FRPPhotoImporter.m */ = {isa = PBXFileReference; lastKnownFileType = sourcecode.c.objc; path = FRPPhotoImporter.m; sourceTree = "<group>"; };
		BF410D7520C7CB9800251F32 /* FRPCell.h */ = {isa = PBXFileReference; lastKnownFileType = sourcecode.c.h; path = FRPCell.h; sourceTree = "<group>"; };
		BF410D7620C7CB9800251F32 /* FRPCell.m */ = {isa = PBXFileReference; lastKnownFileType = sourcecode.c.objc; path = FRPCell.m; sourceTree = "<group>"; };
		BF410D7820C7E95200251F32 /* FRPFullSizePhotoViewController.h */ = {isa = PBXFileReference; lastKnownFileType = sourcecode.c.h; path = FRPFullSizePhotoViewController.h; sourceTree = "<group>"; };
		BF410D7920C7E95200251F32 /* FRPFullSizePhotoViewController.m */ = {isa = PBXFileReference; lastKnownFileType = sourcecode.c.objc; path = FRPFullSizePhotoViewController.m; sourceTree = "<group>"; };
		BF410D7B20C7EF4A00251F32 /* FRPPhotoViewController.h */ = {isa = PBXFileReference; lastKnownFileType = sourcecode.c.h; path = FRPPhotoViewController.h; sourceTree = "<group>"; };
		BF410D7C20C7EF4A00251F32 /* FRPPhotoViewController.m */ = {isa = PBXFileReference; lastKnownFileType = sourcecode.c.objc; path = FRPPhotoViewController.m; sourceTree = "<group>"; };
		BF410D7E20C9047B00251F32 /* FRPFullSizePhotoViewModel.h */ = {isa = PBXFileReference; lastKnownFileType = sourcecode.c.h; path = FRPFullSizePhotoViewModel.h; sourceTree = "<group>"; };
		BF410D7F20C9047B00251F32 /* FRPFullSizePhotoViewModel.m */ = {isa = PBXFileReference; lastKnownFileType = sourcecode.c.objc; path = FRPFullSizePhotoViewModel.m; sourceTree = "<group>"; };
		BF410D8120C908AD00251F32 /* FRPPhotoViewModel.h */ = {isa = PBXFileReference; lastKnownFileType = sourcecode.c.h; path = FRPPhotoViewModel.h; sourceTree = "<group>"; };
		BF410D8220C908AD00251F32 /* FRPPhotoViewModel.m */ = {isa = PBXFileReference; lastKnownFileType = sourcecode.c.objc; path = FRPPhotoViewModel.m; sourceTree = "<group>"; };
		BF410D8420C9100500251F32 /* FRPGalleryViewModel.h */ = {isa = PBXFileReference; lastKnownFileType = sourcecode.c.h; path = FRPGalleryViewModel.h; sourceTree = "<group>"; };
		BF410D8520C9100500251F32 /* FRPGalleryViewModel.m */ = {isa = PBXFileReference; lastKnownFileType = sourcecode.c.objc; path = FRPGalleryViewModel.m; sourceTree = "<group>"; };
		DAE3973C1D80C2C50FEB3940 /* Pods-FunctionalReactivePixel.debug.xcconfig */ = {isa = PBXFileReference; includeInIndex = 1; lastKnownFileType = text.xcconfig; name = "Pods-FunctionalReactivePixel.debug.xcconfig"; path = "Pods/Target Support Files/Pods-FunctionalReactivePixel/Pods-FunctionalReactivePixel.debug.xcconfig"; sourceTree = "<group>"; };
/* End PBXFileReference section */

/* Begin PBXFrameworksBuildPhase section */
		BF410D4A20C7767100251F32 /* Frameworks */ = {
			isa = PBXFrameworksBuildPhase;
			buildActionMask = 2147483647;
			files = (
				2643AD0D0B5459ECD8995490 /* libPods-FunctionalReactivePixel.a in Frameworks */,
			);
			runOnlyForDeploymentPostprocessing = 0;
		};
/* End PBXFrameworksBuildPhase section */

/* Begin PBXGroup section */
		A8592F6693F2E2165C343D43 /* Pods */ = {
			isa = PBXGroup;
			children = (
				DAE3973C1D80C2C50FEB3940 /* Pods-FunctionalReactivePixel.debug.xcconfig */,
				081D69B199F0B4567EC12D7E /* Pods-FunctionalReactivePixel.release.xcconfig */,
			);
			name = Pods;
			sourceTree = "<group>";
		};
		AD1357E6DB47BC2108A8EE96 /* Frameworks */ = {
			isa = PBXGroup;
			children = (
				84C700691AA290C3BA0533D4 /* libPods-FunctionalReactivePixel.a */,
			);
			name = Frameworks;
			sourceTree = "<group>";
		};
		BF410D4420C7767100251F32 = {
			isa = PBXGroup;
			children = (
				BF410D4F20C7767100251F32 /* FunctionalReactivePixel */,
				BF410D4E20C7767100251F32 /* Products */,
				A8592F6693F2E2165C343D43 /* Pods */,
				AD1357E6DB47BC2108A8EE96 /* Frameworks */,
			);
			sourceTree = "<group>";
		};
		BF410D4E20C7767100251F32 /* Products */ = {
			isa = PBXGroup;
			children = (
				BF410D4D20C7767100251F32 /* FunctionalReactivePixel.app */,
			);
			name = Products;
			sourceTree = "<group>";
		};
		BF410D4F20C7767100251F32 /* FunctionalReactivePixel */ = {
			isa = PBXGroup;
			children = (
				BF410D5020C7767100251F32 /* AppDelegate.h */,
				BF410D5120C7767100251F32 /* AppDelegate.m */,
				BF410D7220C78CB900251F32 /* FRPPhotoImporter.h */,
				BF410D7320C78CB900251F32 /* FRPPhotoImporter.m */,
				BF410D8D20C92E3E00251F32 /* View Controller */,
				BF410D8C20C92E1B00251F32 /* Models */,
				BF410D8B20C92DF400251F32 /* UICollectionView Extensions */,
				BF410D8E20C92E5C00251F32 /* Supporting Files */,
				BF410D6120C7767200251F32 /* Info.plist */,
			);
			path = FunctionalReactivePixel;
			sourceTree = "<group>";
		};
		BF410D8820C92D8A00251F32 /* Gallery */ = {
			isa = PBXGroup;
			children = (
				BF410D6920C7839600251F32 /* FRPGalleryViewController.h */,
				BF410D6A20C7839600251F32 /* FRPGalleryViewController.m */,
				BF410D8420C9100500251F32 /* FRPGalleryViewModel.h */,
				BF410D8520C9100500251F32 /* FRPGalleryViewModel.m */,
			);
			path = Gallery;
			sourceTree = "<group>";
		};
		BF410D8920C92DAE00251F32 /* Photo */ = {
			isa = PBXGroup;
			children = (
				BF410D7B20C7EF4A00251F32 /* FRPPhotoViewController.h */,
				BF410D7C20C7EF4A00251F32 /* FRPPhotoViewController.m */,
				BF410D8120C908AD00251F32 /* FRPPhotoViewModel.h */,
				BF410D8220C908AD00251F32 /* FRPPhotoViewModel.m */,
			);
			path = Photo;
			sourceTree = "<group>";
		};
		BF410D8A20C92DCD00251F32 /* Full Photo */ = {
			isa = PBXGroup;
			children = (
				BF410D7820C7E95200251F32 /* FRPFullSizePhotoViewController.h */,
				BF410D7920C7E95200251F32 /* FRPFullSizePhotoViewController.m */,
				BF410D7E20C9047B00251F32 /* FRPFullSizePhotoViewModel.h */,
				BF410D7F20C9047B00251F32 /* FRPFullSizePhotoViewModel.m */,
			);
			path = "Full Photo";
			sourceTree = "<group>";
		};
		BF410D8B20C92DF400251F32 /* UICollectionView Extensions */ = {
			isa = PBXGroup;
			children = (
				BF410D7520C7CB9800251F32 /* FRPCell.h */,
				BF410D7620C7CB9800251F32 /* FRPCell.m */,
				BF410D6C20C783B900251F32 /* FRPGalleryFlowLayout.h */,
				BF410D6D20C783B900251F32 /* FRPGalleryFlowLayout.m */,
			);
			path = "UICollectionView Extensions";
			sourceTree = "<group>";
		};
		BF410D8C20C92E1B00251F32 /* Models */ = {
			isa = PBXGroup;
			children = (
				BF410D6F20C78C6900251F32 /* FRPPhotoModel.h */,
				BF410D7020C78C6900251F32 /* FRPPhotoModel.m */,
			);
			path = Models;
			sourceTree = "<group>";
		};
		BF410D8D20C92E3E00251F32 /* View Controller */ = {
			isa = PBXGroup;
			children = (
				BF410D8820C92D8A00251F32 /* Gallery */,
				BF410D8A20C92DCD00251F32 /* Full Photo */,
				BF410D8920C92DAE00251F32 /* Photo */,
			);
			path = "View Controller";
			sourceTree = "<group>";
		};
		BF410D8E20C92E5C00251F32 /* Supporting Files */ = {
			isa = PBXGroup;
			children = (
				BF410D5620C7767100251F32 /* Main.storyboard */,
				BF410D5C20C7767200251F32 /* Assets.xcassets */,
				BF410D5E20C7767200251F32 /* LaunchScreen.storyboard */,
				BF410D6220C7767200251F32 /* main.m */,
				BF410D5920C7767100251F32 /* FunctionalReactivePixel.xcdatamodeld */,
			);
			path = "Supporting Files";
			sourceTree = "<group>";
		};
/* End PBXGroup section */

/* Begin PBXNativeTarget section */
		BF410D4C20C7767100251F32 /* FunctionalReactivePixel */ = {
			isa = PBXNativeTarget;
			buildConfigurationList = BF410D6620C7767200251F32 /* Build configuration list for PBXNativeTarget "FunctionalReactivePixel" */;
			buildPhases = (
				78046BBB1531790EA14CBDCE /* [CP] Check Pods Manifest.lock */,
				BF410D4920C7767100251F32 /* Sources */,
				BF410D4A20C7767100251F32 /* Frameworks */,
				BF410D4B20C7767100251F32 /* Resources */,
				269367D0E3F5EF59E5FE9B42 /* [CP] Copy Pods Resources */,
			);
			buildRules = (
			);
			dependencies = (
			);
			name = FunctionalReactivePixel;
			productName = FunctionalReactivePixel;
			productReference = BF410D4D20C7767100251F32 /* FunctionalReactivePixel.app */;
			productType = "com.apple.product-type.application";
		};
/* End PBXNativeTarget section */

/* Begin PBXProject section */
		BF410D4520C7767100251F32 /* Project object */ = {
			isa = PBXProject;
			attributes = {
				LastUpgradeCheck = 0930;
				ORGANIZATIONNAME = wangzhe;
				TargetAttributes = {
					BF410D4C20C7767100251F32 = {
						CreatedOnToolsVersion = 9.3;
					};
				};
			};
			buildConfigurationList = BF410D4820C7767100251F32 /* Build configuration list for PBXProject "FunctionalReactivePixel" */;
			compatibilityVersion = "Xcode 9.3";
			developmentRegion = en;
			hasScannedForEncodings = 0;
			knownRegions = (
				en,
				Base,
			);
			mainGroup = BF410D4420C7767100251F32;
			productRefGroup = BF410D4E20C7767100251F32 /* Products */;
			projectDirPath = "";
			projectRoot = "";
			targets = (
				BF410D4C20C7767100251F32 /* FunctionalReactivePixel */,
			);
		};
/* End PBXProject section */

/* Begin PBXResourcesBuildPhase section */
		BF410D4B20C7767100251F32 /* Resources */ = {
			isa = PBXResourcesBuildPhase;
			buildActionMask = 2147483647;
			files = (
				BF410D6020C7767200251F32 /* LaunchScreen.storyboard in Resources */,
				BF410D5D20C7767200251F32 /* Assets.xcassets in Resources */,
				BF410D5820C7767100251F32 /* Main.storyboard in Resources */,
			);
			runOnlyForDeploymentPostprocessing = 0;
		};
/* End PBXResourcesBuildPhase section */

/* Begin PBXShellScriptBuildPhase section */
		269367D0E3F5EF59E5FE9B42 /* [CP] Copy Pods Resources */ = {
			isa = PBXShellScriptBuildPhase;
			buildActionMask = 2147483647;
			files = (
			);
			inputPaths = (
				"${SRCROOT}/Pods/Target Support Files/Pods-FunctionalReactivePixel/Pods-FunctionalReactivePixel-resources.sh",
				"${PODS_ROOT}/SVProgressHUD/SVProgressHUD/SVProgressHUD.bundle",
			);
			name = "[CP] Copy Pods Resources";
			outputPaths = (
				"${TARGET_BUILD_DIR}/${UNLOCALIZED_RESOURCES_FOLDER_PATH}/SVProgressHUD.bundle",
			);
			runOnlyForDeploymentPostprocessing = 0;
			shellPath = /bin/sh;
			shellScript = "\"${SRCROOT}/Pods/Target Support Files/Pods-FunctionalReactivePixel/Pods-FunctionalReactivePixel-resources.sh\"\n";
			showEnvVarsInLog = 0;
		};
		78046BBB1531790EA14CBDCE /* [CP] Check Pods Manifest.lock */ = {
			isa = PBXShellScriptBuildPhase;
			buildActionMask = 2147483647;
			files = (
			);
			inputPaths = (
				"${PODS_PODFILE_DIR_PATH}/Podfile.lock",
				"${PODS_ROOT}/Manifest.lock",
			);
			name = "[CP] Check Pods Manifest.lock";
			outputPaths = (
				"$(DERIVED_FILE_DIR)/Pods-FunctionalReactivePixel-checkManifestLockResult.txt",
			);
			runOnlyForDeploymentPostprocessing = 0;
			shellPath = /bin/sh;
			shellScript = "diff \"${PODS_PODFILE_DIR_PATH}/Podfile.lock\" \"${PODS_ROOT}/Manifest.lock\" > /dev/null\nif [ $? != 0 ] ; then\n    # print error to STDERR\n    echo \"error: The sandbox is not in sync with the Podfile.lock. Run 'pod install' or update your CocoaPods installation.\" >&2\n    exit 1\nfi\n# This output is used by Xcode 'outputs' to avoid re-running this script phase.\necho \"SUCCESS\" > \"${SCRIPT_OUTPUT_FILE_0}\"\n";
			showEnvVarsInLog = 0;
		};
/* End PBXShellScriptBuildPhase section */

/* Begin PBXSourcesBuildPhase section */
		BF410D4920C7767100251F32 /* Sources */ = {
			isa = PBXSourcesBuildPhase;
			buildActionMask = 2147483647;
			files = (
				BF410D8320C908AD00251F32 /* FRPPhotoViewModel.m in Sources */,
				BF410D7420C78CB900251F32 /* FRPPhotoImporter.m in Sources */,
				BF410D5B20C7767100251F32 /* FunctionalReactivePixel.xcdatamodeld in Sources */,
				BF410D8020C9047B00251F32 /* FRPFullSizePhotoViewModel.m in Sources */,
				BF410D7120C78C6900251F32 /* FRPPhotoModel.m in Sources */,
				BF410D6320C7767200251F32 /* main.m in Sources */,
				BF410D7720C7CB9800251F32 /* FRPCell.m in Sources */,
				BF410D6E20C783B900251F32 /* FRPGalleryFlowLayout.m in Sources */,
				BF410D7D20C7EF4A00251F32 /* FRPPhotoViewController.m in Sources */,
				BF410D5220C7767100251F32 /* AppDelegate.m in Sources */,
				BF410D8620C9100500251F32 /* FRPGalleryViewModel.m in Sources */,
				BF410D7A20C7E95200251F32 /* FRPFullSizePhotoViewController.m in Sources */,
				BF410D6B20C7839600251F32 /* FRPGalleryViewController.m in Sources */,
			);
			runOnlyForDeploymentPostprocessing = 0;
		};
/* End PBXSourcesBuildPhase section */

/* Begin PBXVariantGroup section */
		BF410D5620C7767100251F32 /* Main.storyboard */ = {
			isa = PBXVariantGroup;
			children = (
				BF410D5720C7767100251F32 /* Base */,
			);
			name = Main.storyboard;
			sourceTree = "<group>";
		};
		BF410D5E20C7767200251F32 /* LaunchScreen.storyboard */ = {
			isa = PBXVariantGroup;
			children = (
				BF410D5F20C7767200251F32 /* Base */,
			);
			name = LaunchScreen.storyboard;
			sourceTree = "<group>";
		};
/* End PBXVariantGroup section */

/* Begin XCBuildConfiguration section */
		BF410D6420C7767200251F32 /* Debug */ = {
			isa = XCBuildConfiguration;
			buildSettings = {
				ALWAYS_SEARCH_USER_PATHS = NO;
				CLANG_ANALYZER_NONNULL = YES;
				CLANG_ANALYZER_NUMBER_OBJECT_CONVERSION = YES_AGGRESSIVE;
				CLANG_CXX_LANGUAGE_STANDARD = "gnu++14";
				CLANG_CXX_LIBRARY = "libc++";
				CLANG_ENABLE_MODULES = YES;
				CLANG_ENABLE_OBJC_ARC = YES;
				CLANG_ENABLE_OBJC_WEAK = YES;
				CLANG_WARN_BLOCK_CAPTURE_AUTORELEASING = YES;
				CLANG_WARN_BOOL_CONVERSION = YES;
				CLANG_WARN_COMMA = YES;
				CLANG_WARN_CONSTANT_CONVERSION = YES;
				CLANG_WARN_DEPRECATED_OBJC_IMPLEMENTATIONS = YES;
				CLANG_WARN_DIRECT_OBJC_ISA_USAGE = YES_ERROR;
				CLANG_WARN_DOCUMENTATION_COMMENTS = YES;
				CLANG_WARN_EMPTY_BODY = YES;
				CLANG_WARN_ENUM_CONVERSION = YES;
				CLANG_WARN_INFINITE_RECURSION = YES;
				CLANG_WARN_INT_CONVERSION = YES;
				CLANG_WARN_NON_LITERAL_NULL_CONVERSION = YES;
				CLANG_WARN_OBJC_IMPLICIT_RETAIN_SELF = YES;
				CLANG_WARN_OBJC_LITERAL_CONVERSION = YES;
				CLANG_WARN_OBJC_ROOT_CLASS = YES_ERROR;
				CLANG_WARN_RANGE_LOOP_ANALYSIS = YES;
				CLANG_WARN_STRICT_PROTOTYPES = YES;
				CLANG_WARN_SUSPICIOUS_MOVE = YES;
				CLANG_WARN_UNGUARDED_AVAILABILITY = YES_AGGRESSIVE;
				CLANG_WARN_UNREACHABLE_CODE = YES;
				CLANG_WARN__DUPLICATE_METHOD_MATCH = YES;
				CODE_SIGN_IDENTITY = "iPhone Developer";
				COPY_PHASE_STRIP = NO;
				DEBUG_INFORMATION_FORMAT = dwarf;
				ENABLE_STRICT_OBJC_MSGSEND = YES;
				ENABLE_TESTABILITY = YES;
				GCC_C_LANGUAGE_STANDARD = gnu11;
				GCC_DYNAMIC_NO_PIC = NO;
				GCC_NO_COMMON_BLOCKS = YES;
				GCC_OPTIMIZATION_LEVEL = 0;
				GCC_PREPROCESSOR_DEFINITIONS = (
					"DEBUG=1",
					"$(inherited)",
				);
				GCC_WARN_64_TO_32_BIT_CONVERSION = YES;
				GCC_WARN_ABOUT_RETURN_TYPE = YES_ERROR;
				GCC_WARN_UNDECLARED_SELECTOR = YES;
				GCC_WARN_UNINITIALIZED_AUTOS = YES_AGGRESSIVE;
				GCC_WARN_UNUSED_FUNCTION = YES;
				GCC_WARN_UNUSED_VARIABLE = YES;
				IPHONEOS_DEPLOYMENT_TARGET = 8.0;
				MTL_ENABLE_DEBUG_INFO = YES;
				ONLY_ACTIVE_ARCH = YES;
				SDKROOT = iphoneos;
			};
			name = Debug;
		};
		BF410D6520C7767200251F32 /* Release */ = {
			isa = XCBuildConfiguration;
			buildSettings = {
				ALWAYS_SEARCH_USER_PATHS = NO;
				CLANG_ANALYZER_NONNULL = YES;
				CLANG_ANALYZER_NUMBER_OBJECT_CONVERSION = YES_AGGRESSIVE;
				CLANG_CXX_LANGUAGE_STANDARD = "gnu++14";
				CLANG_CXX_LIBRARY = "libc++";
				CLANG_ENABLE_MODULES = YES;
				CLANG_ENABLE_OBJC_ARC = YES;
				CLANG_ENABLE_OBJC_WEAK = YES;
				CLANG_WARN_BLOCK_CAPTURE_AUTORELEASING = YES;
				CLANG_WARN_BOOL_CONVERSION = YES;
				CLANG_WARN_COMMA = YES;
				CLANG_WARN_CONSTANT_CONVERSION = YES;
				CLANG_WARN_DEPRECATED_OBJC_IMPLEMENTATIONS = YES;
				CLANG_WARN_DIRECT_OBJC_ISA_USAGE = YES_ERROR;
				CLANG_WARN_DOCUMENTATION_COMMENTS = YES;
				CLANG_WARN_EMPTY_BODY = YES;
				CLANG_WARN_ENUM_CONVERSION = YES;
				CLANG_WARN_INFINITE_RECURSION = YES;
				CLANG_WARN_INT_CONVERSION = YES;
				CLANG_WARN_NON_LITERAL_NULL_CONVERSION = YES;
				CLANG_WARN_OBJC_IMPLICIT_RETAIN_SELF = YES;
				CLANG_WARN_OBJC_LITERAL_CONVERSION = YES;
				CLANG_WARN_OBJC_ROOT_CLASS = YES_ERROR;
				CLANG_WARN_RANGE_LOOP_ANALYSIS = YES;
				CLANG_WARN_STRICT_PROTOTYPES = YES;
				CLANG_WARN_SUSPICIOUS_MOVE = YES;
				CLANG_WARN_UNGUARDED_AVAILABILITY = YES_AGGRESSIVE;
				CLANG_WARN_UNREACHABLE_CODE = YES;
				CLANG_WARN__DUPLICATE_METHOD_MATCH = YES;
				CODE_SIGN_IDENTITY = "iPhone Developer";
				COPY_PHASE_STRIP = NO;
				DEBUG_INFORMATION_FORMAT = "dwarf-with-dsym";
				ENABLE_NS_ASSERTIONS = NO;
				ENABLE_STRICT_OBJC_MSGSEND = YES;
				GCC_C_LANGUAGE_STANDARD = gnu11;
				GCC_NO_COMMON_BLOCKS = YES;
				GCC_WARN_64_TO_32_BIT_CONVERSION = YES;
				GCC_WARN_ABOUT_RETURN_TYPE = YES_ERROR;
				GCC_WARN_UNDECLARED_SELECTOR = YES;
				GCC_WARN_UNINITIALIZED_AUTOS = YES_AGGRESSIVE;
				GCC_WARN_UNUSED_FUNCTION = YES;
				GCC_WARN_UNUSED_VARIABLE = YES;
				IPHONEOS_DEPLOYMENT_TARGET = 8.0;
				MTL_ENABLE_DEBUG_INFO = NO;
				SDKROOT = iphoneos;
				VALIDATE_PRODUCT = YES;
			};
			name = Release;
		};
		BF410D6720C7767200251F32 /* Debug */ = {
			isa = XCBuildConfiguration;
			baseConfigurationReference = DAE3973C1D80C2C50FEB3940 /* Pods-FunctionalReactivePixel.debug.xcconfig */;
			buildSettings = {
				ASSETCATALOG_COMPILER_APPICON_NAME = AppIcon;
				CODE_SIGN_STYLE = Automatic;
				DEVELOPMENT_TEAM = 2U75WLMTPA;
				INFOPLIST_FILE = FunctionalReactivePixel/Info.plist;
				IPHONEOS_DEPLOYMENT_TARGET = 8.0;
				LD_RUNPATH_SEARCH_PATHS = (
					"$(inherited)",
					"@executable_path/Frameworks",
				);
				PRODUCT_BUNDLE_IDENTIFIER = com.private.wangzhe.FunctionalReactivePixel;
				PRODUCT_NAME = "$(TARGET_NAME)";
				TARGETED_DEVICE_FAMILY = 1;
			};
			name = Debug;
		};
		BF410D6820C7767200251F32 /* Release */ = {
			isa = XCBuildConfiguration;
			baseConfigurationReference = 081D69B199F0B4567EC12D7E /* Pods-FunctionalReactivePixel.release.xcconfig */;
			buildSettings = {
				ASSETCATALOG_COMPILER_APPICON_NAME = AppIcon;
				CODE_SIGN_STYLE = Automatic;
				DEVELOPMENT_TEAM = 2U75WLMTPA;
				INFOPLIST_FILE = FunctionalReactivePixel/Info.plist;
				IPHONEOS_DEPLOYMENT_TARGET = 8.0;
				LD_RUNPATH_SEARCH_PATHS = (
					"$(inherited)",
					"@executable_path/Frameworks",
				);
				PRODUCT_BUNDLE_IDENTIFIER = com.private.wangzhe.FunctionalReactivePixel;
				PRODUCT_NAME = "$(TARGET_NAME)";
				TARGETED_DEVICE_FAMILY = 1;
			};
			name = Release;
		};
/* End XCBuildConfiguration section */

/* Begin XCConfigurationList section */
		BF410D4820C7767100251F32 /* Build configuration list for PBXProject "FunctionalReactivePixel" */ = {
			isa = XCConfigurationList;
			buildConfigurations = (
				BF410D6420C7767200251F32 /* Debug */,
				BF410D6520C7767200251F32 /* Release */,
			);
			defaultConfigurationIsVisible = 0;
			defaultConfigurationName = Release;
		};
		BF410D6620C7767200251F32 /* Build configuration list for PBXNativeTarget "FunctionalReactivePixel" */ = {
			isa = XCConfigurationList;
			buildConfigurations = (
				BF410D6720C7767200251F32 /* Debug */,
				BF410D6820C7767200251F32 /* Release */,
			);
			defaultConfigurationIsVisible = 0;
			defaultConfigurationName = Release;
		};
/* End XCConfigurationList section */

/* Begin XCVersionGroup section */
		BF410D5920C7767100251F32 /* FunctionalReactivePixel.xcdatamodeld */ = {
			isa = XCVersionGroup;
			children = (
				BF410D5A20C7767100251F32 /* FunctionalReactivePixel.xcdatamodel */,
			);
			currentVersion = BF410D5A20C7767100251F32 /* FunctionalReactivePixel.xcdatamodel */;
			path = FunctionalReactivePixel.xcdatamodeld;
			sourceTree = "<group>";
			versionGroupType = wrapper.xcdatamodel;
		};
/* End XCVersionGroup section */
	};
	rootObject = BF410D4520C7767100251F32 /* Project object */;
}
